
Microsoft Visual Studio Solution File, Format Version 12.00
# Visual Studio Version 17
VisualStudioVersion = 17.0.31903.59
MinimumVisualStudioVersion = 10.0.40219.1
Project("{2150E333-8FDC-42A3-9474-1A3956D46DE8}") = "src", "src", "{827E0CD3-B72D-47B6-A68D-7590B98EB39B}"
EndProject
Project("{FAE04EC0-301F-11D3-BF4B-00C04F79EFBC}") = "TarkovCompanion.Core", "src\TarkovCompanion.Core\TarkovCompanion.Core.csproj", "{3B9005D1-3476-4C48-A196-853A5D5268C9}"
EndProject
Project("{FAE04EC0-301F-11D3-BF4B-00C04F79EFBC}") = "TarkovCompanion.GroupServer", "src\TarkovCompanion.GroupServer\TarkovCompanion.GroupServer.csproj", "{9E1C7A54-2D63-4E1F-9B0A-8C4F51D3A7B2}"
EndProject
Project("{FAE04EC0-301F-11D3-BF4B-00C04F79EFBC}") = "TarkovCompanion.Application", "src\TarkovCompanion.Application\TarkovCompanion.Application.csproj", "{615C12F5-939E-4FC3-8599-9245B450BCD9}"
EndProject
Project("{FAE04EC0-301F-11D3-BF4B-00C04F79EFBC}") = "TarkovCompanion.CompanionProtocol", "src\TarkovCompanion.CompanionProtocol\TarkovCompanion.CompanionProtocol.csproj", "{C8D9E643-3F67-4A7C-9F2C-7123B1A8E401}"
EndProject
Project("{FAE04EC0-301F-11D3-BF4B-00C04F79EFBC}") = "TarkovCompanion.Infrastructure", "src\TarkovCompanion.Infrastructure\TarkovCompanion.Infrastructure.csproj", "{7A83B9EE-E56A-4DB9-A706-15FF0E203A0B}"
EndProject
Project("{FAE04EC0-301F-11D3-BF4B-00C04F79EFBC}") = "TarkovCompanion.Platform.Windows", "src\TarkovCompanion.Platform.Windows\TarkovCompanion.Platform.Windows.csproj", "{53B78C1C-86B3-411C-8799-3D050F15950C}"
EndProject
Project("{FAE04EC0-301F-11D3-BF4B-00C04F79EFBC}") = "TarkovCompanion.Platform.Windows.Ocr", "src\TarkovCompanion.Platform.Windows.Ocr\TarkovCompanion.Platform.Windows.Ocr.csproj", "{7F2C9A41-4E55-4B60-9F51-2A1D6B8C0E33}"
EndProject
Project("{FAE04EC0-301F-11D3-BF4B-00C04F79EFBC}") = "TarkovCompanion.App", "src\TarkovCompanion.App\TarkovCompanion.App.csproj", "{7F3D8C3B-50C9-458D-98F5-3603F4628AB5}"
EndProject
Project("{FAE04EC0-301F-11D3-BF4B-00C04F79EFBC}") = "TarkovCompanion.EftSimulator", "src\TarkovCompanion.EftSimulator\TarkovCompanion.EftSimulator.csproj", "{8C2746A9-F488-48C6-8831-B44D2115FD54}"
EndProject
Project("{2150E333-8FDC-42A3-9474-1A3956D46DE8}") = "tools", "tools", "{C3E9B7A1-6D42-4F8C-91A7-2B5E0D34F689}"
EndProject
Project("{FAE04EC0-301F-11D3-BF4B-00C04F79EFBC}") = "TarkovCompanion.RecognitionCorpus", "tools\RecognitionCorpus\TarkovCompanion.RecognitionCorpus.csproj", "{D8A4C2F1-7E35-4B96-A0D2-5C1F8E7349AB}"
EndProject
Project("{FAE04EC0-301F-11D3-BF4B-00C04F79EFBC}") = "TarkovCompanion.TrafficModelBuilder", "tools\TrafficModelBuilder\TarkovCompanion.TrafficModelBuilder.csproj", "{B9C731A2-6C48-4A93-91B2-06F83573D44E}"
EndProject
Project("{2150E333-8FDC-42A3-9474-1A3956D46DE8}") = "tests", "tests", "{0AB3BF05-4346-4AA6-1389-037BE0695223}"
EndProject
Project("{FAE04EC0-301F-11D3-BF4B-00C04F79EFBC}") = "TarkovCompanion.UnitTests", "tests\TarkovCompanion.UnitTests\TarkovCompanion.UnitTests.csproj", "{16F9FABE-E72D-4D3F-A0F8-6224E82335D9}"
EndProject
Project("{FAE04EC0-301F-11D3-BF4B-00C04F79EFBC}") = "TarkovCompanion.IntegrationTests", "tests\TarkovCompanion.IntegrationTests\TarkovCompanion.IntegrationTests.csproj", "{FC05F1CF-2E88-4970-9637-C16D819CBD61}"
EndProject
Project("{FAE04EC0-301F-11D3-BF4B-00C04F79EFBC}") = "TarkovCompanion.RecognitionTests", "tests\TarkovCompanion.RecognitionTests\TarkovCompanion.RecognitionTests.csproj", "{B3760808-9FC9-478E-AA13-5633D0875454}"
EndProject
Project("{FAE04EC0-301F-11D3-BF4B-00C04F79EFBC}") = "TarkovCompanion.RecognitionCorpusTests", "tests\TarkovCompanion.RecognitionCorpusTests\TarkovCompanion.RecognitionCorpusTests.csproj", "{E6B2D9A4-1F73-4C85-B6A0-9D2E7F4138C5}"
EndProject
Project("{FAE04EC0-301F-11D3-BF4B-00C04F79EFBC}") = "TarkovCompanion.CompanionProtocol.Tests", "tests\TarkovCompanion.CompanionProtocol.Tests\TarkovCompanion.CompanionProtocol.Tests.csproj", "{3DAB2F61-9C74-4E8B-A025-6F19D7C2B583}"
EndProject
Project("{FAE04EC0-301F-11D3-BF4B-00C04F79EFBC}") = "TarkovCompanion.WindowsSmokeTests", "tests\TarkovCompanion.WindowsSmokeTests\TarkovCompanion.WindowsSmokeTests.csproj", "{31F18DD3-1924-45A9-AEBC-6B5D10989ABA}"
EndProject
Project("{FAE04EC0-301F-11D3-BF4B-00C04F79EFBC}") = "TarkovCompanion.Platform.Windows.OcrTests", "tests\TarkovCompanion.Platform.Windows.OcrTests\TarkovCompanion.Platform.Windows.OcrTests.csproj", "{A2990C52-7DF8-4E21-9E51-1391B2990C52}"
EndProject
Global
	GlobalSection(SolutionConfigurationPlatforms) = preSolution
		Debug|Any CPU = Debug|Any CPU
		Debug|x64 = Debug|x64
		Debug|x86 = Debug|x86
		Release|Any CPU = Release|Any CPU
		Release|x64 = Release|x64
		Release|x86 = Release|x86
	EndGlobalSection
	GlobalSection(ProjectConfigurationPlatforms) = postSolution
		{3B9005D1-3476-4C48-A196-853A5D5268C9}.Debug|Any CPU.ActiveCfg = Debug|Any CPU
		{3B9005D1-3476-4C48-A196-853A5D5268C9}.Debug|Any CPU.Build.0 = Debug|Any CPU
		{3B9005D1-3476-4C48-A196-853A5D5268C9}.Debug|x64.ActiveCfg = Debug|Any CPU
		{3B9005D1-3476-4C48-A196-853A5D5268C9}.Debug|x64.Build.0 = Debug|Any CPU
		{3B9005D1-3476-4C48-A196-853A5D5268C9}.Debug|x86.ActiveCfg = Debug|Any CPU
		{3B9005D1-3476-4C48-A196-853A5D5268C9}.Debug|x86.Build.0 = Debug|Any CPU
		{3B9005D1-3476-4C48-A196-853A5D5268C9}.Release|Any CPU.ActiveCfg = Release|Any CPU
		{3B9005D1-3476-4C48-A196-853A5D5268C9}.Release|Any CPU.Build.0 = Release|Any CPU
		{3B9005D1-3476-4C48-A196-853A5D5268C9}.Release|x64.ActiveCfg = Release|Any CPU
		{3B9005D1-3476-4C48-A196-853A5D5268C9}.Release|x64.Build.0 = Release|Any CPU
		{3B9005D1-3476-4C48-A196-853A5D5268C9}.Release|x86.ActiveCfg = Release|Any CPU
		{3B9005D1-3476-4C48-A196-853A5D5268C9}.Release|x86.Build.0 = Release|Any CPU
		{9E1C7A54-2D63-4E1F-9B0A-8C4F51D3A7B2}.Debug|Any CPU.ActiveCfg = Debug|Any CPU
		{9E1C7A54-2D63-4E1F-9B0A-8C4F51D3A7B2}.Debug|Any CPU.Build.0 = Debug|Any CPU
		{9E1C7A54-2D63-4E1F-9B0A-8C4F51D3A7B2}.Debug|x64.ActiveCfg = Debug|Any CPU
		{9E1C7A54-2D63-4E1F-9B0A-8C4F51D3A7B2}.Debug|x64.Build.0 = Debug|Any CPU
		{9E1C7A54-2D63-4E1F-9B0A-8C4F51D3A7B2}.Debug|x86.ActiveCfg = Debug|Any CPU
		{9E1C7A54-2D63-4E1F-9B0A-8C4F51D3A7B2}.Debug|x86.Build.0 = Debug|Any CPU
		{9E1C7A54-2D63-4E1F-9B0A-8C4F51D3A7B2}.Release|Any CPU.ActiveCfg = Release|Any CPU
		{9E1C7A54-2D63-4E1F-9B0A-8C4F51D3A7B2}.Release|Any CPU.Build.0 = Release|Any CPU
		{9E1C7A54-2D63-4E1F-9B0A-8C4F51D3A7B2}.Release|x64.ActiveCfg = Release|Any CPU
		{9E1C7A54-2D63-4E1F-9B0A-8C4F51D3A7B2}.Release|x64.Build.0 = Release|Any CPU
		{9E1C7A54-2D63-4E1F-9B0A-8C4F51D3A7B2}.Release|x86.ActiveCfg = Release|Any CPU
		{9E1C7A54-2D63-4E1F-9B0A-8C4F51D3A7B2}.Release|x86.Build.0 = Release|Any CPU
		{615C12F5-939E-4FC3-8599-9245B450BCD9}.Debug|Any CPU.ActiveCfg = Debug|Any CPU
		{615C12F5-939E-4FC3-8599-9245B450BCD9}.Debug|Any CPU.Build.0 = Debug|Any CPU
		{615C12F5-939E-4FC3-8599-9245B450BCD9}.Debug|x64.ActiveCfg = Debug|Any CPU
		{615C12F5-939E-4FC3-8599-9245B450BCD9}.Debug|x64.Build.0 = Debug|Any CPU
		{615C12F5-939E-4FC3-8599-9245B450BCD9}.Debug|x86.ActiveCfg = Debug|Any CPU
		{615C12F5-939E-4FC3-8599-9245B450BCD9}.Debug|x86.Build.0 = Debug|Any CPU
		{615C12F5-939E-4FC3-8599-9245B450BCD9}.Release|Any CPU.ActiveCfg = Release|Any CPU
		{615C12F5-939E-4FC3-8599-9245B450BCD9}.Release|Any CPU.Build.0 = Release|Any CPU
		{615C12F5-939E-4FC3-8599-9245B450BCD9}.Release|x64.ActiveCfg = Release|Any CPU
		{615C12F5-939E-4FC3-8599-9245B450BCD9}.Release|x64.Build.0 = Release|Any CPU
		{615C12F5-939E-4FC3-8599-9245B450BCD9}.Release|x86.ActiveCfg = Release|Any CPU
		{615C12F5-939E-4FC3-8599-9245B450BCD9}.Release|x86.Build.0 = Release|Any CPU
		{C8D9E643-3F67-4A7C-9F2C-7123B1A8E401}.Debug|Any CPU.ActiveCfg = Debug|Any CPU
		{C8D9E643-3F67-4A7C-9F2C-7123B1A8E401}.Debug|Any CPU.Build.0 = Debug|Any CPU
		{C8D9E643-3F67-4A7C-9F2C-7123B1A8E401}.Debug|x64.ActiveCfg = Debug|Any CPU
		{C8D9E643-3F67-4A7C-9F2C-7123B1A8E401}.Debug|x64.Build.0 = Debug|Any CPU
		{C8D9E643-3F67-4A7C-9F2C-7123B1A8E401}.Debug|x86.ActiveCfg = Debug|Any CPU
		{C8D9E643-3F67-4A7C-9F2C-7123B1A8E401}.Debug|x86.Build.0 = Debug|Any CPU
		{C8D9E643-3F67-4A7C-9F2C-7123B1A8E401}.Release|Any CPU.ActiveCfg = Release|Any CPU
		{C8D9E643-3F67-4A7C-9F2C-7123B1A8E401}.Release|Any CPU.Build.0 = Release|Any CPU
		{C8D9E643-3F67-4A7C-9F2C-7123B1A8E401}.Release|x64.ActiveCfg = Release|Any CPU
		{C8D9E643-3F67-4A7C-9F2C-7123B1A8E401}.Release|x64.Build.0 = Release|Any CPU
		{C8D9E643-3F67-4A7C-9F2C-7123B1A8E401}.Release|x86.ActiveCfg = Release|Any CPU
		{C8D9E643-3F67-4A7C-9F2C-7123B1A8E401}.Release|x86.Build.0 = Release|Any CPU
		{7A83B9EE-E56A-4DB9-A706-15FF0E203A0B}.Debug|Any CPU.ActiveCfg = Debug|Any CPU
		{7A83B9EE-E56A-4DB9-A706-15FF0E203A0B}.Debug|Any CPU.Build.0 = Debug|Any CPU
		{7A83B9EE-E56A-4DB9-A706-15FF0E203A0B}.Debug|x64.ActiveCfg = Debug|Any CPU
		{7A83B9EE-E56A-4DB9-A706-15FF0E203A0B}.Debug|x64.Build.0 = Debug|Any CPU
		{7A83B9EE-E56A-4DB9-A706-15FF0E203A0B}.Debug|x86.ActiveCfg = Debug|Any CPU
		{7A83B9EE-E56A-4DB9-A706-15FF0E203A0B}.Debug|x86.Build.0 = Debug|Any CPU
		{7A83B9EE-E56A-4DB9-A706-15FF0E203A0B}.Release|Any CPU.ActiveCfg = Release|Any CPU
		{7A83B9EE-E56A-4DB9-A706-15FF0E203A0B}.Release|Any CPU.Build.0 = Release|Any CPU
		{7A83B9EE-E56A-4DB9-A706-15FF0E203A0B}.Release|x64.ActiveCfg = Release|Any CPU
		{7A83B9EE-E56A-4DB9-A706-15FF0E203A0B}.Release|x64.Build.0 = Release|Any CPU
		{7A83B9EE-E56A-4DB9-A706-15FF0E203A0B}.Release|x86.ActiveCfg = Release|Any CPU
		{7A83B9EE-E56A-4DB9-A706-15FF0E203A0B}.Release|x86.Build.0 = Release|Any CPU
		{53B78C1C-86B3-411C-8799-3D050F15950C}.Debug|Any CPU.ActiveCfg = Debug|Any CPU
		{7F2C9A41-4E55-4B60-9F51-2A1D6B8C0E33}.Debug|Any CPU.ActiveCfg = Debug|Any CPU
		{53B78C1C-86B3-411C-8799-3D050F15950C}.Debug|Any CPU.Build.0 = Debug|Any CPU
		{7F2C9A41-4E55-4B60-9F51-2A1D6B8C0E33}.Debug|Any CPU.Build.0 = Debug|Any CPU
		{53B78C1C-86B3-411C-8799-3D050F15950C}.Debug|x64.ActiveCfg = Debug|Any CPU
		{7F2C9A41-4E55-4B60-9F51-2A1D6B8C0E33}.Debug|x64.ActiveCfg = Debug|Any CPU
		{53B78C1C-86B3-411C-8799-3D050F15950C}.Debug|x64.Build.0 = Debug|Any CPU
		{7F2C9A41-4E55-4B60-9F51-2A1D6B8C0E33}.Debug|x64.Build.0 = Debug|Any CPU
		{53B78C1C-86B3-411C-8799-3D050F15950C}.Debug|x86.ActiveCfg = Debug|Any CPU
		{7F2C9A41-4E55-4B60-9F51-2A1D6B8C0E33}.Debug|x86.ActiveCfg = Debug|Any CPU
		{53B78C1C-86B3-411C-8799-3D050F15950C}.Debug|x86.Build.0 = Debug|Any CPU
		{7F2C9A41-4E55-4B60-9F51-2A1D6B8C0E33}.Debug|x86.Build.0 = Debug|Any CPU
		{53B78C1C-86B3-411C-8799-3D050F15950C}.Release|Any CPU.ActiveCfg = Release|Any CPU
		{7F2C9A41-4E55-4B60-9F51-2A1D6B8C0E33}.Release|Any CPU.ActiveCfg = Release|Any CPU
		{53B78C1C-86B3-411C-8799-3D050F15950C}.Release|Any CPU.Build.0 = Release|Any CPU
		{7F2C9A41-4E55-4B60-9F51-2A1D6B8C0E33}.Release|Any CPU.Build.0 = Release|Any CPU
		{53B78C1C-86B3-411C-8799-3D050F15950C}.Release|x64.ActiveCfg = Release|Any CPU
		{7F2C9A41-4E55-4B60-9F51-2A1D6B8C0E33}.Release|x64.ActiveCfg = Release|Any CPU
		{53B78C1C-86B3-411C-8799-3D050F15950C}.Release|x64.Build.0 = Release|Any CPU
		{7F2C9A41-4E55-4B60-9F51-2A1D6B8C0E33}.Release|x64.Build.0 = Release|Any CPU
		{53B78C1C-86B3-411C-8799-3D050F15950C}.Release|x86.ActiveCfg = Release|Any CPU
		{7F2C9A41-4E55-4B60-9F51-2A1D6B8C0E33}.Release|x86.ActiveCfg = Release|Any CPU
		{53B78C1C-86B3-411C-8799-3D050F15950C}.Release|x86.Build.0 = Release|Any CPU
		{7F2C9A41-4E55-4B60-9F51-2A1D6B8C0E33}.Release|x86.Build.0 = Release|Any CPU
		{7F3D8C3B-50C9-458D-98F5-3603F4628AB5}.Debug|Any CPU.ActiveCfg = Debug|Any CPU
		{7F3D8C3B-50C9-458D-98F5-3603F4628AB5}.Debug|Any CPU.Build.0 = Debug|Any CPU
		{7F3D8C3B-50C9-458D-98F5-3603F4628AB5}.Debug|x64.ActiveCfg = Debug|Any CPU
		{7F3D8C3B-50C9-458D-98F5-3603F4628AB5}.Debug|x64.Build.0 = Debug|Any CPU
		{7F3D8C3B-50C9-458D-98F5-3603F4628AB5}.Debug|x86.ActiveCfg = Debug|Any CPU
		{7F3D8C3B-50C9-458D-98F5-3603F4628AB5}.Debug|x86.Build.0 = Debug|Any CPU
		{7F3D8C3B-50C9-458D-98F5-3603F4628AB5}.Release|Any CPU.ActiveCfg = Release|Any CPU
		{7F3D8C3B-50C9-458D-98F5-3603F4628AB5}.Release|Any CPU.Build.0 = Release|Any CPU
		{7F3D8C3B-50C9-458D-98F5-3603F4628AB5}.Release|x64.ActiveCfg = Release|Any CPU
		{7F3D8C3B-50C9-458D-98F5-3603F4628AB5}.Release|x64.Build.0 = Release|Any CPU
		{7F3D8C3B-50C9-458D-98F5-3603F4628AB5}.Release|x86.ActiveCfg = Release|Any CPU
		{7F3D8C3B-50C9-458D-98F5-3603F4628AB5}.Release|x86.Build.0 = Release|Any CPU
		{8C2746A9-F488-48C6-8831-B44D2115FD54}.Debug|Any CPU.ActiveCfg = Debug|Any CPU
		{8C2746A9-F488-48C6-8831-B44D2115FD54}.Debug|Any CPU.Build.0 = Debug|Any CPU
		{8C2746A9-F488-48C6-8831-B44D2115FD54}.Debug|x64.ActiveCfg = Debug|Any CPU
		{8C2746A9-F488-48C6-8831-B44D2115FD54}.Debug|x64.Build.0 = Debug|Any CPU
		{8C2746A9-F488-48C6-8831-B44D2115FD54}.Debug|x86.ActiveCfg = Debug|Any CPU
		{8C2746A9-F488-48C6-8831-B44D2115FD54}.Debug|x86.Build.0 = Debug|Any CPU
		{8C2746A9-F488-48C6-8831-B44D2115FD54}.Release|Any CPU.ActiveCfg = Release|Any CPU
		{8C2746A9-F488-48C6-8831-B44D2115FD54}.Release|Any CPU.Build.0 = Release|Any CPU
		{8C2746A9-F488-48C6-8831-B44D2115FD54}.Release|x64.ActiveCfg = Release|Any CPU
		{8C2746A9-F488-48C6-8831-B44D2115FD54}.Release|x64.Build.0 = Release|Any CPU
		{8C2746A9-F488-48C6-8831-B44D2115FD54}.Release|x86.ActiveCfg = Release|Any CPU
		{8C2746A9-F488-48C6-8831-B44D2115FD54}.Release|x86.Build.0 = Release|Any CPU
		{16F9FABE-E72D-4D3F-A0F8-6224E82335D9}.Debug|Any CPU.ActiveCfg = Debug|Any CPU
		{16F9FABE-E72D-4D3F-A0F8-6224E82335D9}.Debug|Any CPU.Build.0 = Debug|Any CPU
		{16F9FABE-E72D-4D3F-A0F8-6224E82335D9}.Debug|x64.ActiveCfg = Debug|Any CPU
		{16F9FABE-E72D-4D3F-A0F8-6224E82335D9}.Debug|x64.Build.0 = Debug|Any CPU
		{16F9FABE-E72D-4D3F-A0F8-6224E82335D9}.Debug|x86.ActiveCfg = Debug|Any CPU
		{16F9FABE-E72D-4D3F-A0F8-6224E82335D9}.Debug|x86.Build.0 = Debug|Any CPU
		{16F9FABE-E72D-4D3F-A0F8-6224E82335D9}.Release|Any CPU.ActiveCfg = Release|Any CPU
		{16F9FABE-E72D-4D3F-A0F8-6224E82335D9}.Release|Any CPU.Build.0 = Release|Any CPU
		{16F9FABE-E72D-4D3F-A0F8-6224E82335D9}.Release|x64.ActiveCfg = Release|Any CPU
		{16F9FABE-E72D-4D3F-A0F8-6224E82335D9}.Release|x64.Build.0 = Release|Any CPU
		{16F9FABE-E72D-4D3F-A0F8-6224E82335D9}.Release|x86.ActiveCfg = Release|Any CPU
		{16F9FABE-E72D-4D3F-A0F8-6224E82335D9}.Release|x86.Build.0 = Release|Any CPU
		{FC05F1CF-2E88-4970-9637-C16D819CBD61}.Debug|Any CPU.ActiveCfg = Debug|Any CPU
		{FC05F1CF-2E88-4970-9637-C16D819CBD61}.Debug|Any CPU.Build.0 = Debug|Any CPU
		{FC05F1CF-2E88-4970-9637-C16D819CBD61}.Debug|x64.ActiveCfg = Debug|Any CPU
		{FC05F1CF-2E88-4970-9637-C16D819CBD61}.Debug|x64.Build.0 = Debug|Any CPU
		{FC05F1CF-2E88-4970-9637-C16D819CBD61}.Debug|x86.ActiveCfg = Debug|Any CPU
		{FC05F1CF-2E88-4970-9637-C16D819CBD61}.Debug|x86.Build.0 = Debug|Any CPU
		{FC05F1CF-2E88-4970-9637-C16D819CBD61}.Release|Any CPU.ActiveCfg = Release|Any CPU
		{FC05F1CF-2E88-4970-9637-C16D819CBD61}.Release|Any CPU.Build.0 = Release|Any CPU
		{FC05F1CF-2E88-4970-9637-C16D819CBD61}.Release|x64.ActiveCfg = Release|Any CPU
		{FC05F1CF-2E88-4970-9637-C16D819CBD61}.Release|x64.Build.0 = Release|Any CPU
		{FC05F1CF-2E88-4970-9637-C16D819CBD61}.Release|x86.ActiveCfg = Release|Any CPU
		{FC05F1CF-2E88-4970-9637-C16D819CBD61}.Release|x86.Build.0 = Release|Any CPU
		{B3760808-9FC9-478E-AA13-5633D0875454}.Debug|Any CPU.ActiveCfg = Debug|Any CPU
		{B3760808-9FC9-478E-AA13-5633D0875454}.Debug|Any CPU.Build.0 = Debug|Any CPU
		{B3760808-9FC9-478E-AA13-5633D0875454}.Debug|x64.ActiveCfg = Debug|Any CPU
		{B3760808-9FC9-478E-AA13-5633D0875454}.Debug|x64.Build.0 = Debug|Any CPU
		{B3760808-9FC9-478E-AA13-5633D0875454}.Debug|x86.ActiveCfg = Debug|Any CPU
		{B3760808-9FC9-478E-AA13-5633D0875454}.Debug|x86.Build.0 = Debug|Any CPU
		{B3760808-9FC9-478E-AA13-5633D0875454}.Release|Any CPU.ActiveCfg = Release|Any CPU
		{B3760808-9FC9-478E-AA13-5633D0875454}.Release|Any CPU.Build.0 = Release|Any CPU
		{B3760808-9FC9-478E-AA13-5633D0875454}.Release|x64.ActiveCfg = Release|Any CPU
		{B3760808-9FC9-478E-AA13-5633D0875454}.Release|x64.Build.0 = Release|Any CPU
		{B3760808-9FC9-478E-AA13-5633D0875454}.Release|x86.ActiveCfg = Release|Any CPU
		{B3760808-9FC9-478E-AA13-5633D0875454}.Release|x86.Build.0 = Release|Any CPU
		{3DAB2F61-9C74-4E8B-A025-6F19D7C2B583}.Debug|Any CPU.ActiveCfg = Debug|Any CPU
		{3DAB2F61-9C74-4E8B-A025-6F19D7C2B583}.Debug|Any CPU.Build.0 = Debug|Any CPU
		{3DAB2F61-9C74-4E8B-A025-6F19D7C2B583}.Debug|x64.ActiveCfg = Debug|Any CPU
		{3DAB2F61-9C74-4E8B-A025-6F19D7C2B583}.Debug|x64.Build.0 = Debug|Any CPU
		{3DAB2F61-9C74-4E8B-A025-6F19D7C2B583}.Debug|x86.ActiveCfg = Debug|Any CPU
		{3DAB2F61-9C74-4E8B-A025-6F19D7C2B583}.Debug|x86.Build.0 = Debug|Any CPU
		{3DAB2F61-9C74-4E8B-A025-6F19D7C2B583}.Release|Any CPU.ActiveCfg = Release|Any CPU
		{3DAB2F61-9C74-4E8B-A025-6F19D7C2B583}.Release|Any CPU.Build.0 = Release|Any CPU
		{3DAB2F61-9C74-4E8B-A025-6F19D7C2B583}.Release|x64.ActiveCfg = Release|Any CPU
		{3DAB2F61-9C74-4E8B-A025-6F19D7C2B583}.Release|x64.Build.0 = Release|Any CPU
		{3DAB2F61-9C74-4E8B-A025-6F19D7C2B583}.Release|x86.ActiveCfg = Release|Any CPU
		{3DAB2F61-9C74-4E8B-A025-6F19D7C2B583}.Release|x86.Build.0 = Release|Any CPU
		{31F18DD3-1924-45A9-AEBC-6B5D10989ABA}.Debug|Any CPU.ActiveCfg = Debug|Any CPU
		{31F18DD3-1924-45A9-AEBC-6B5D10989ABA}.Debug|Any CPU.Build.0 = Debug|Any CPU
		{31F18DD3-1924-45A9-AEBC-6B5D10989ABA}.Debug|x64.ActiveCfg = Debug|Any CPU
		{31F18DD3-1924-45A9-AEBC-6B5D10989ABA}.Debug|x64.Build.0 = Debug|Any CPU
		{31F18DD3-1924-45A9-AEBC-6B5D10989ABA}.Debug|x86.ActiveCfg = Debug|Any CPU
		{31F18DD3-1924-45A9-AEBC-6B5D10989ABA}.Debug|x86.Build.0 = Debug|Any CPU
		{31F18DD3-1924-45A9-AEBC-6B5D10989ABA}.Release|Any CPU.ActiveCfg = Release|Any CPU
		{31F18DD3-1924-45A9-AEBC-6B5D10989ABA}.Release|Any CPU.Build.0 = Release|Any CPU
		{31F18DD3-1924-45A9-AEBC-6B5D10989ABA}.Release|x64.ActiveCfg = Release|Any CPU
		{31F18DD3-1924-45A9-AEBC-6B5D10989ABA}.Release|x64.Build.0 = Release|Any CPU
		{31F18DD3-1924-45A9-AEBC-6B5D10989ABA}.Release|x86.ActiveCfg = Release|Any CPU
		{31F18DD3-1924-45A9-AEBC-6B5D10989ABA}.Release|x86.Build.0 = Release|Any CPU
		{D8A4C2F1-7E35-4B96-A0D2-5C1F8E7349AB}.Debug|Any CPU.ActiveCfg = Debug|Any CPU
		{D8A4C2F1-7E35-4B96-A0D2-5C1F8E7349AB}.Debug|Any CPU.Build.0 = Debug|Any CPU
		{D8A4C2F1-7E35-4B96-A0D2-5C1F8E7349AB}.Debug|x64.ActiveCfg = Debug|Any CPU
		{D8A4C2F1-7E35-4B96-A0D2-5C1F8E7349AB}.Debug|x64.Build.0 = Debug|Any CPU
		{D8A4C2F1-7E35-4B96-A0D2-5C1F8E7349AB}.Debug|x86.ActiveCfg = Debug|Any CPU
		{D8A4C2F1-7E35-4B96-A0D2-5C1F8E7349AB}.Debug|x86.Build.0 = Debug|Any CPU
		{D8A4C2F1-7E35-4B96-A0D2-5C1F8E7349AB}.Release|Any CPU.ActiveCfg = Release|Any CPU
		{D8A4C2F1-7E35-4B96-A0D2-5C1F8E7349AB}.Release|Any CPU.Build.0 = Release|Any CPU
		{D8A4C2F1-7E35-4B96-A0D2-5C1F8E7349AB}.Release|x64.ActiveCfg = Release|Any CPU
		{D8A4C2F1-7E35-4B96-A0D2-5C1F8E7349AB}.Release|x64.Build.0 = Release|Any CPU
		{D8A4C2F1-7E35-4B96-A0D2-5C1F8E7349AB}.Release|x86.ActiveCfg = Release|Any CPU
		{D8A4C2F1-7E35-4B96-A0D2-5C1F8E7349AB}.Release|x86.Build.0 = Release|Any CPU
		{B9C731A2-6C48-4A93-91B2-06F83573D44E}.Debug|Any CPU.ActiveCfg = Debug|Any CPU
		{B9C731A2-6C48-4A93-91B2-06F83573D44E}.Debug|Any CPU.Build.0 = Debug|Any CPU
		{B9C731A2-6C48-4A93-91B2-06F83573D44E}.Debug|x64.ActiveCfg = Debug|Any CPU
		{B9C731A2-6C48-4A93-91B2-06F83573D44E}.Debug|x64.Build.0 = Debug|Any CPU
		{B9C731A2-6C48-4A93-91B2-06F83573D44E}.Debug|x86.ActiveCfg = Debug|Any CPU
		{B9C731A2-6C48-4A93-91B2-06F83573D44E}.Debug|x86.Build.0 = Debug|Any CPU
		{B9C731A2-6C48-4A93-91B2-06F83573D44E}.Release|Any CPU.ActiveCfg = Release|Any CPU
		{B9C731A2-6C48-4A93-91B2-06F83573D44E}.Release|Any CPU.Build.0 = Release|Any CPU
		{B9C731A2-6C48-4A93-91B2-06F83573D44E}.Release|x64.ActiveCfg = Release|Any CPU
		{B9C731A2-6C48-4A93-91B2-06F83573D44E}.Release|x64.Build.0 = Release|Any CPU
		{B9C731A2-6C48-4A93-91B2-06F83573D44E}.Release|x86.ActiveCfg = Release|Any CPU
		{B9C731A2-6C48-4A93-91B2-06F83573D44E}.Release|x86.Build.0 = Release|Any CPU
		{E6B2D9A4-1F73-4C85-B6A0-9D2E7F4138C5}.Debug|Any CPU.ActiveCfg = Debug|Any CPU
		{E6B2D9A4-1F73-4C85-B6A0-9D2E7F4138C5}.Debug|Any CPU.Build.0 = Debug|Any CPU
		{E6B2D9A4-1F73-4C85-B6A0-9D2E7F4138C5}.Debug|x64.ActiveCfg = Debug|Any CPU
		{E6B2D9A4-1F73-4C85-B6A0-9D2E7F4138C5}.Debug|x64.Build.0 = Debug|Any CPU
		{E6B2D9A4-1F73-4C85-B6A0-9D2E7F4138C5}.Debug|x86.ActiveCfg = Debug|Any CPU
		{E6B2D9A4-1F73-4C85-B6A0-9D2E7F4138C5}.Debug|x86.Build.0 = Debug|Any CPU
		{E6B2D9A4-1F73-4C85-B6A0-9D2E7F4138C5}.Release|Any CPU.ActiveCfg = Release|Any CPU
		{E6B2D9A4-1F73-4C85-B6A0-9D2E7F4138C5}.Release|Any CPU.Build.0 = Release|Any CPU
		{E6B2D9A4-1F73-4C85-B6A0-9D2E7F4138C5}.Release|x64.ActiveCfg = Release|Any CPU
		{E6B2D9A4-1F73-4C85-B6A0-9D2E7F4138C5}.Release|x64.Build.0 = Release|Any CPU
		{E6B2D9A4-1F73-4C85-B6A0-9D2E7F4138C5}.Release|x86.ActiveCfg = Release|Any CPU
		{E6B2D9A4-1F73-4C85-B6A0-9D2E7F4138C5}.Release|x86.Build.0 = Release|Any CPU
		{A2990C52-7DF8-4E21-9E51-1391B2990C52}.Debug|Any CPU.ActiveCfg = Debug|Any CPU
		{A2990C52-7DF8-4E21-9E51-1391B2990C52}.Debug|Any CPU.Build.0 = Debug|Any CPU
		{A2990C52-7DF8-4E21-9E51-1391B2990C52}.Debug|x64.ActiveCfg = Debug|Any CPU
		{A2990C52-7DF8-4E21-9E51-1391B2990C52}.Debug|x64.Build.0 = Debug|Any CPU
		{A2990C52-7DF8-4E21-9E51-1391B2990C52}.Debug|x86.ActiveCfg = Debug|Any CPU
		{A2990C52-7DF8-4E21-9E51-1391B2990C52}.Debug|x86.Build.0 = Debug|Any CPU
		{A2990C52-7DF8-4E21-9E51-1391B2990C52}.Release|Any CPU.ActiveCfg = Release|Any CPU
		{A2990C52-7DF8-4E21-9E51-1391B2990C52}.Release|Any CPU.Build.0 = Release|Any CPU
		{A2990C52-7DF8-4E21-9E51-1391B2990C52}.Release|x64.ActiveCfg = Release|Any CPU
		{A2990C52-7DF8-4E21-9E51-1391B2990C52}.Release|x64.Build.0 = Release|Any CPU
		{A2990C52-7DF8-4E21-9E51-1391B2990C52}.Release|x86.ActiveCfg = Release|Any CPU
		{A2990C52-7DF8-4E21-9E51-1391B2990C52}.Release|x86.Build.0 = Release|Any CPU
	EndGlobalSection
	GlobalSection(SolutionProperties) = preSolution
		HideSolutionNode = FALSE
	EndGlobalSection
	GlobalSection(NestedProjects) = preSolution
		{3B9005D1-3476-4C48-A196-853A5D5268C9} = {827E0CD3-B72D-47B6-A68D-7590B98EB39B}
		{9E1C7A54-2D63-4E1F-9B0A-8C4F51D3A7B2} = {827E0CD3-B72D-47B6-A68D-7590B98EB39B}
		{615C12F5-939E-4FC3-8599-9245B450BCD9} = {827E0CD3-B72D-47B6-A68D-7590B98EB39B}
		{C8D9E643-3F67-4A7C-9F2C-7123B1A8E401} = {827E0CD3-B72D-47B6-A68D-7590B98EB39B}
		{7A83B9EE-E56A-4DB9-A706-15FF0E203A0B} = {827E0CD3-B72D-47B6-A68D-7590B98EB39B}
		{53B78C1C-86B3-411C-8799-3D050F15950C} = {827E0CD3-B72D-47B6-A68D-7590B98EB39B}
		{7F3D8C3B-50C9-458D-98F5-3603F4628AB5} = {827E0CD3-B72D-47B6-A68D-7590B98EB39B}
		{8C2746A9-F488-48C6-8831-B44D2115FD54} = {827E0CD3-B72D-47B6-A68D-7590B98EB39B}
		{D8A4C2F1-7E35-4B96-A0D2-5C1F8E7349AB} = {C3E9B7A1-6D42-4F8C-91A7-2B5E0D34F689}
		{B9C731A2-6C48-4A93-91B2-06F83573D44E} = {C3E9B7A1-6D42-4F8C-91A7-2B5E0D34F689}
		{16F9FABE-E72D-4D3F-A0F8-6224E82335D9} = {0AB3BF05-4346-4AA6-1389-037BE0695223}
		{FC05F1CF-2E88-4970-9637-C16D819CBD61} = {0AB3BF05-4346-4AA6-1389-037BE0695223}
		{B3760808-9FC9-478E-AA13-5633D0875454} = {0AB3BF05-4346-4AA6-1389-037BE0695223}
		{E6B2D9A4-1F73-4C85-B6A0-9D2E7F4138C5} = {0AB3BF05-4346-4AA6-1389-037BE0695223}
		{3DAB2F61-9C74-4E8B-A025-6F19D7C2B583} = {0AB3BF05-4346-4AA6-1389-037BE0695223}
		{31F18DD3-1924-45A9-AEBC-6B5D10989ABA} = {0AB3BF05-4346-4AA6-1389-037BE0695223}
		{A2990C52-7DF8-4E21-9E51-1391B2990C52} = {0AB3BF05-4346-4AA6-1389-037BE0695223}
	EndGlobalSection
EndGlobal
